
Microsoft Visual Studio Solution File, Format Version 12.00
# Visual Studio Version 16
VisualStudioVersion = 16.0.31105.61
MinimumVisualStudioVersion = 10.0.40219.1
Project("{FAE04EC0-301F-11D3-BF4B-00C04F79EFBC}") = "DEMO", "DEMO.csproj", "{2C37E53A-8968-467E-BD77-5A9EFAAAD5D1}"
EndProject
Global
	GlobalSection(SolutionConfigurationPlatforms) = preSolution
		Debug|Any CPU = Debug|Any CPU
		Release|Any CPU = Release|Any CPU
	EndGlobalSection
	GlobalSection(ProjectConfigurationPlatforms) = postSolution
		{2C37E53A-8968-467E-BD77-5A9EFAAAD5D1}.Debug|Any CPU.ActiveCfg = Debug|Any CPU
		{2C37E53A-8968-467E-BD77-5A9EFAAAD5D1}.Debug|Any CPU.Build.0 = Debug|Any CPU
		{2C37E53A-8968-467E-BD77-5A9EFAAAD5D1}.Release|Any CPU.ActiveCfg = Release|Any CPU
		{2C37E53A-8968-467E-BD77-5A9EFAAAD5D1}.Release|Any CPU.Build.0 = Release|Any CPU
	EndGlobalSection
	GlobalSection(SolutionProperties) = preSolution
		HideSolutionNode = FALSE
	EndGlobalSection
	GlobalSection(ExtensibilityGlobals) = postSolution
		SolutionGuid = {71ACB6D6-8134-49A8-9506-F06364D8EBA1}
	EndGlobalSection
EndGlobal
